
Microsoft Visual Studio Solution File, Format Version 12.00
# Visual Studio Version 17
VisualStudioVersion = 17.14.37012.4 d17.14
MinimumVisualStudioVersion = 10.0.40219.1
Project("{FAE04EC0-301F-11D3-BF4B-00C04F79EFBC}") = "TimeBack", "TimeBack\TimeBack.csproj", "{E0D42E64-47F0-4647-A4E3-C6A303594D61}"
EndProject
Project("{FAE04EC0-301F-11D3-BF4B-00C04F79EFBC}") = "Front", "Front\Front.csproj", "{314AF558-1E39-4945-B0AE-DDCADF83FE2F}"
EndProject
Global
	GlobalSection(SolutionConfigurationPlatforms) = preSolution
		Debug|Any CPU = Debug|Any CPU
		Release|Any CPU = Release|Any CPU
	EndGlobalSection
	GlobalSection(ProjectConfigurationPlatforms) = postSolution
		{E0D42E64-47F0-4647-A4E3-C6A303594D61}.Debug|Any CPU.ActiveCfg = Debug|Any CPU
		{E0D42E64-47F0-4647-A4E3-C6A303594D61}.Debug|Any CPU.Build.0 = Debug|Any CPU
		{E0D42E64-47F0-4647-A4E3-C6A303594D61}.Release|Any CPU.ActiveCfg = Release|Any CPU
		{E0D42E64-47F0-4647-A4E3-C6A303594D61}.Release|Any CPU.Build.0 = Release|Any CPU
		{314AF558-1E39-4945-B0AE-DDCADF83FE2F}.Debug|Any CPU.ActiveCfg = Debug|Any CPU
		{314AF558-1E39-4945-B0AE-DDCADF83FE2F}.Debug|Any CPU.Build.0 = Debug|Any CPU
		{314AF558-1E39-4945-B0AE-DDCADF83FE2F}.Release|Any CPU.ActiveCfg = Release|Any CPU
		{314AF558-1E39-4945-B0AE-DDCADF83FE2F}.Release|Any CPU.Build.0 = Release|Any CPU
	EndGlobalSection
	GlobalSection(SolutionProperties) = preSolution
		HideSolutionNode = FALSE
	EndGlobalSection
	GlobalSection(ExtensibilityGlobals) = postSolution
		SolutionGuid = {54792CBB-AF02-4034-8CEB-E7AF68704401}
	EndGlobalSection
EndGlobal
