
Microsoft Visual Studio Solution File, Format Version 12.00
# Visual Studio Version 17
VisualStudioVersion = 17.14.37012.4 d17.14
MinimumVisualStudioVersion = 10.0.40219.1
Project("{FAE04EC0-301F-11D3-BF4B-00C04F79EFBC}") = "ConcepBack", "ConcepBack\ConcepBack.csproj", "{3876D930-ADC7-4454-8C54-564E9E1D0487}"
EndProject
Global
	GlobalSection(SolutionConfigurationPlatforms) = preSolution
		Debug|Any CPU = Debug|Any CPU
		Release|Any CPU = Release|Any CPU
	EndGlobalSection
	GlobalSection(ProjectConfigurationPlatforms) = postSolution
		{3876D930-ADC7-4454-8C54-564E9E1D0487}.Debug|Any CPU.ActiveCfg = Debug|Any CPU
		{3876D930-ADC7-4454-8C54-564E9E1D0487}.Debug|Any CPU.Build.0 = Debug|Any CPU
		{3876D930-ADC7-4454-8C54-564E9E1D0487}.Release|Any CPU.ActiveCfg = Release|Any CPU
		{3876D930-ADC7-4454-8C54-564E9E1D0487}.Release|Any CPU.Build.0 = Release|Any CPU
	EndGlobalSection
	GlobalSection(SolutionProperties) = preSolution
		HideSolutionNode = FALSE
	EndGlobalSection
	GlobalSection(ExtensibilityGlobals) = postSolution
		SolutionGuid = {54792CBB-AF02-4034-8CEB-E7AF68704401}
	EndGlobalSection
EndGlobal
